
Microsoft Visual Studio Solution File, Format Version 11.00
# Visual Studio 2010
Project("{FAE04EC0-301F-11D3-BF4B-00C04F79EFBC}") = "RecTool", "RecTool\RecTool.csproj", "{943E49A6-8D90-4596-8ADA-3C4D38910CDE}"
EndProject
Global
	GlobalSection(SolutionConfigurationPlatforms) = preSolution
		Debug|Any CPU = Debug|Any CPU
		Release|Any CPU = Release|Any CPU
	EndGlobalSection
	GlobalSection(ProjectConfigurationPlatforms) = postSolution
		{943E49A6-8D90-4596-8ADA-3C4D38910CDE}.Debug|Any CPU.ActiveCfg = Debug|Any CPU
		{943E49A6-8D90-4596-8ADA-3C4D38910CDE}.Debug|Any CPU.Build.0 = Debug|Any CPU
		{943E49A6-8D90-4596-8ADA-3C4D38910CDE}.Release|Any CPU.ActiveCfg = Release|Any CPU
		{943E49A6-8D90-4596-8ADA-3C4D38910CDE}.Release|Any CPU.Build.0 = Release|Any CPU
	EndGlobalSection
	GlobalSection(SolutionProperties) = preSolution
		HideSolutionNode = FALSE
	EndGlobalSection
EndGlobal
